
Microsoft Visual Studio Solution File, Format Version 12.00
# Visual Studio 15
Project("{FAE04EC0-301F-11D3-BF4B-00C04F79EFBC}") = "FactoryPatternVehicles", "FactoryPatternVehicles\FactoryPatternVehicles.csproj", "{1C2F6546-5044-45F6-957C-36C09C773DAF}"
EndProject
Global
	GlobalSection(SolutionConfigurationPlatforms) = preSolution
		Debug|Any CPU = Debug|Any CPU
		Release|Any CPU = Release|Any CPU
	EndGlobalSection
	GlobalSection(ProjectConfigurationPlatforms) = postSolution
		{1C2F6546-5044-45F6-957C-36C09C773DAF}.Debug|Any CPU.ActiveCfg = Debug|Any CPU
		{1C2F6546-5044-45F6-957C-36C09C773DAF}.Debug|Any CPU.Build.0 = Debug|Any CPU
		{1C2F6546-5044-45F6-957C-36C09C773DAF}.Release|Any CPU.ActiveCfg = Release|Any CPU
		{1C2F6546-5044-45F6-957C-36C09C773DAF}.Release|Any CPU.Build.0 = Release|Any CPU
	EndGlobalSection
EndGlobal
